{
  "pins" : [
    {
      "identity" : "ios-maps-sdk",
      "kind" : "remoteSourceControl",
      "location" : "https://github.com/googlemaps/ios-maps-sdk",
      "state" : {
        "revision" : "9fa352d6eca4a731949efcdb27ed851f1fcd4447",
        "version" : "9.3.0"
      }
    },
    {
      "identity" : "ocmock",
      "kind" : "remoteSourceControl",
      "location" : "https://github.com/erikdoe/ocmock.git",
      "state" : {
        "revision" : "fe1661a3efed11831a6452f4b1a0c5e6ddc08c3d"
      }
    }
  ],
  "version" : 2
}
